{
  "nodes": {
    "flake-utils": {
      "inputs": {
        "systems": "systems"
      },
      "locked": {
        "lastModified": 1710146030,
        "narHash": "sha256-SZ5L6eA7HJ/nmkzGG7/ISclqe6oZdOZTNoesiInkXPQ=",
        "owner": "numtide",
        "repo": "flake-utils",
        "rev": "b1d9ab70662946ef0850d488da1c9019f3a9752a",
        "type": "github"
      },
      "original": {
        "owner": "numtide",
        "repo": "flake-utils",
        "type": "github"
      }
    },
    "nixpkgs": {
      "locked": {
        "lastModified": 1724819573,
        "narHash": "sha256-GnR7/ibgIH1vhoy8cYdmXE6iyZqKqFxQSVkFgosBh6w=",
        "owner": "NixOS",
        "repo": "nixpkgs",
        "rev": "71e91c409d1e654808b2621f28a327acfdad8dc2",
        "type": "github"
      },
      "original": {
        "owner": "NixOS",
        "ref": "nixos-unstable",
        "repo": "nixpkgs",
        "type": "github"
      }
    },
    "nixpkgs_2": {
      "locked": {
        "lastModified": 1718428119,
        "narHash": "sha256-WdWDpNaq6u1IPtxtYHHWpl5BmabtpmLnMAx0RdJ/vo8=",
        "owner": "NixOS",
        "repo": "nixpkgs",
        "rev": "e6cea36f83499eb4e9cd184c8a8e823296b50ad5",
        "type": "github"
      },
      "original": {
        "owner": "NixOS",
        "ref": "nixpkgs-unstable",
        "repo": "nixpkgs",
        "type": "github"
      }
    },
    "root": {
      "inputs": {
        "flake-utils": "flake-utils",
        "nixpkgs": "nixpkgs",
        "rust-overlay": "rust-overlay",
        "tree-sitter-bash": "tree-sitter-bash",
        "tree-sitter-c": "tree-sitter-c",
        "tree-sitter-cpp": "tree-sitter-cpp",
        "tree-sitter-css": "tree-sitter-css",
        "tree-sitter-go": "tree-sitter-go",
        "tree-sitter-html": "tree-sitter-html",
        "tree-sitter-java": "tree-sitter-java",
        "tree-sitter-javascript": "tree-sitter-javascript",
        "tree-sitter-php": "tree-sitter-php",
        "tree-sitter-python": "tree-sitter-python",
        "tree-sitter-ruby": "tree-sitter-ruby",
        "tree-sitter-rust": "tree-sitter-rust",
        "tree-sitter-typescript": "tree-sitter-typescript"
      }
    },
    "rust-overlay": {
      "inputs": {
        "nixpkgs": "nixpkgs_2"
      },
      "locked": {
        "lastModified": 1724984647,
        "narHash": "sha256-BC6MUq0CTdmAu/cueVcdWTI+S95s0mJcn19SoEgd7gU=",
        "owner": "oxalica",
        "repo": "rust-overlay",
        "rev": "87b6cffc276795b46ef544d7ed8d7fed6ad9c8e4",
        "type": "github"
      },
      "original": {
        "owner": "oxalica",
        "repo": "rust-overlay",
        "type": "github"
      }
    },
    "systems": {
      "locked": {
        "lastModified": 1681028828,
        "narHash": "sha256-Vy1rq5AaRuLzOxct8nz4T6wlgyUR7zLU309k9mBC768=",
        "owner": "nix-systems",
        "repo": "default",
        "rev": "da67096a3b9bf56a91d16901293e51ba5b49a27e",
        "type": "github"
      },
      "original": {
        "owner": "nix-systems",
        "repo": "default",
        "type": "github"
      }
    },
    "tree-sitter-bash": {
      "flake": false,
      "locked": {
        "lastModified": 1715005250,
        "narHash": "sha256-rCuQbnQAOnQWKYreNH80nlL+0A1qbWbjMvtczcoWPrY=",
        "owner": "tree-sitter",
        "repo": "tree-sitter-bash",
        "rev": "2fbd860f802802ca76a6661ce025b3a3bca2d3ed",
        "type": "github"
      },
      "original": {
        "owner": "tree-sitter",
        "repo": "tree-sitter-bash",
        "type": "github"
      }
    },
    "tree-sitter-c": {
      "flake": false,
      "locked": {
        "lastModified": 1724014448,
        "narHash": "sha256-3U7cnTeqB/ypCV3rLsq13rCuRwZE8PXhVD6KETkuawg=",
        "owner": "tree-sitter",
        "repo": "tree-sitter-c",
        "rev": "927da1f210ebb24b7f109230a61a55b428875985",
        "type": "github"
      },
      "original": {
        "owner": "tree-sitter",
        "repo": "tree-sitter-c",
        "type": "github"
      }
    },
    "tree-sitter-cpp": {
      "flake": false,
      "locked": {
        "lastModified": 1724021035,
        "narHash": "sha256-m5yTbCEMoLLnL3BucTaVk1P7C/Ifu/ZMUrXZcSFMn2U=",
        "owner": "tree-sitter",
        "repo": "tree-sitter-cpp",
        "rev": "b1a4e2b25148f3cfcb5f241cbc4c49f001a6fb35",
        "type": "github"
      },
      "original": {
        "owner": "tree-sitter",
        "repo": "tree-sitter-cpp",
        "type": "github"
      }
    },
    "tree-sitter-css": {
      "flake": false,
      "locked": {
        "lastModified": 1723869734,
        "narHash": "sha256-8lSMBT35chVYlsHC1jOhDAq3S2/NfQuHoeIYb2rAOSs=",
        "owner": "tree-sitter",
        "repo": "tree-sitter-css",
        "rev": "9af0bdd9d225edee12f489cfa8284e248321959b",
        "type": "github"
      },
      "original": {
        "owner": "tree-sitter",
        "repo": "tree-sitter-css",
        "type": "github"
      }
    },
    "tree-sitter-go": {
      "flake": false,
      "locked": {
        "lastModified": 1724691321,
        "narHash": "sha256-SHfO1KqBsb5PdwaK1F1+/Dyww1zwlb4GMbMgxYmklp8=",
        "owner": "tree-sitter",
        "repo": "tree-sitter-go",
        "rev": "6204b7308a32e991a8daed2e9895a90be55a510a",
        "type": "github"
      },
      "original": {
        "owner": "tree-sitter",
        "repo": "tree-sitter-go",
        "type": "github"
      }
    },
    "tree-sitter-html": {
      "flake": false,
      "locked": {
        "lastModified": 1723942061,
        "narHash": "sha256-q0PCv0iA51psg7j0g+Z18gDEpkaiwb92CJ05FE+tXl8=",
        "owner": "tree-sitter",
        "repo": "tree-sitter-html",
        "rev": "d11201a263d02169d303db903ba0bb13dc59e068",
        "type": "github"
      },
      "original": {
        "owner": "tree-sitter",
        "repo": "tree-sitter-html",
        "type": "github"
      }
    },
    "tree-sitter-java": {
      "flake": false,
      "locked": {
        "lastModified": 1724464310,
        "narHash": "sha256-b1DzJrzTywoesxeGf5YSBdtUNBxoKN+Ljo1sv4Arl5I=",
        "owner": "tree-sitter",
        "repo": "tree-sitter-java",
        "rev": "576d8097e495b411f31daaee28cb34c1752ac702",
        "type": "github"
      },
      "original": {
        "owner": "tree-sitter",
        "repo": "tree-sitter-java",
        "type": "github"
      }
    },
    "tree-sitter-javascript": {
      "flake": false,
      "locked": {
        "lastModified": 1723942424,
        "narHash": "sha256-yinPp1pItrNpK3RhSPZ+ED0Dr5g3OM78kuBWr0Q47x0=",
        "owner": "tree-sitter",
        "repo": "tree-sitter-javascript",
        "rev": "15887341e5b57ffdb423aff840aef142b8f53d6d",
        "type": "github"
      },
      "original": {
        "owner": "tree-sitter",
        "repo": "tree-sitter-javascript",
        "type": "github"
      }
    },
    "tree-sitter-php": {
      "flake": false,
      "locked": {
        "lastModified": 1724813007,
        "narHash": "sha256-dB3DORMFk8T6TqjjOe525SQK2RJ4Pv+fXUJ5W9BRyqk=",
        "owner": "tree-sitter",
        "repo": "tree-sitter-php",
        "rev": "d13c91bc48aedf7db8240c52503eee694134ec53",
        "type": "github"
      },
      "original": {
        "owner": "tree-sitter",
        "repo": "tree-sitter-php",
        "type": "github"
      }
    },
    "tree-sitter-python": {
      "flake": false,
      "locked": {
        "lastModified": 1724692805,
        "narHash": "sha256-Mg/U7X9uvHEwo06bo0aBmJHbH9wsZ+nKBt0Dpz4o6l0=",
        "owner": "tree-sitter",
        "repo": "tree-sitter-python",
        "rev": "346fa42dc2990d2a2736cc60891369d0d3d8e65c",
        "type": "github"
      },
      "original": {
        "owner": "tree-sitter",
        "repo": "tree-sitter-python",
        "type": "github"
      }
    },
    "tree-sitter-ruby": {
      "flake": false,
      "locked": {
        "lastModified": 1724015891,
        "narHash": "sha256-koWDvtCiiDeOS5bANAcxwE3lvyPaJ9BI3RtTRxUNc2E=",
        "owner": "tree-sitter",
        "repo": "tree-sitter-ruby",
        "rev": "7dbc1e2d0e2d752577655881f73b4573f3fe85d4",
        "type": "github"
      },
      "original": {
        "owner": "tree-sitter",
        "repo": "tree-sitter-ruby",
        "type": "github"
      }
    },
    "tree-sitter-rust": {
      "flake": false,
      "locked": {
        "lastModified": 1723942472,
        "narHash": "sha256-5LnzwdP0V/jpdQ8gkUzRE/XMKm2aUl4HtWwbEUU5BMA=",
        "owner": "tree-sitter",
        "repo": "tree-sitter-rust",
        "rev": "2b43eafe64470846cdaa0eaae1e287c120ee5f03",
        "type": "github"
      },
      "original": {
        "owner": "tree-sitter",
        "repo": "tree-sitter-rust",
        "type": "github"
      }
    },
    "tree-sitter-typescript": {
      "flake": false,
      "locked": {
        "lastModified": 1721493805,
        "narHash": "sha256-U597+o8gakd4nU9H2FE2aVhGqSG/eRh6BUhtEmwMzrU=",
        "owner": "tree-sitter",
        "repo": "tree-sitter-typescript",
        "rev": "198d03553f43a45b92ac5d0ee167db3fec6a6fd6",
        "type": "github"
      },
      "original": {
        "owner": "tree-sitter",
        "repo": "tree-sitter-typescript",
        "type": "github"
      }
    }
  },
  "root": "root",
  "version": 7
}
